
Microsoft Visual Studio Solution File, Format Version 12.00
# Visual Studio Version 16
VisualStudioVersion = 16.0.30621.155
MinimumVisualStudioVersion = 10.0.40219.1
Project("{2150E333-8FDC-42A3-9474-1A3956D46DE8}") = "src", "src", "{B4776727-426E-49EB-8126-818B59892EA9}"
EndProject
Project("{2150E333-8FDC-42A3-9474-1A3956D46DE8}") = "tests", "tests", "{58AB86F8-D76D-408C-9971-50C730CF0CCE}"
EndProject
Project("{9A19103F-16F7-4668-BE54-9A1E7A4F7556}") = "Subscription .WebApi", "Subscription.WebApi\Subscription .WebApi.csproj", "{3A5DF1F7-7A0B-40C2-A9E4-00C9A2A04A1D}"
EndProject
Project("{9A19103F-16F7-4668-BE54-9A1E7A4F7556}") = "Subscription.Service", "Subscription.Service\Subscription.Service.csproj", "{DA0A2ACA-460E-4933-8090-8533DBF864FC}"
EndProject
Project("{9A19103F-16F7-4668-BE54-9A1E7A4F7556}") = "Subscription.Data", "Subscription.Data\Subscription.Data.csproj", "{6C18C502-3770-4FFC-9E6A-35A21C300852}"
EndProject
Project("{9A19103F-16F7-4668-BE54-9A1E7A4F7556}") = "Subscription.Core", "Subscription.Data.Core\Subscription.Core.csproj", "{77A3D3C2-1F51-4081-AB1D-06D85BA5D073}"
EndProject
Project("{FAE04EC0-301F-11D3-BF4B-00C04F79EFBC}") = "Subscription.Service.Tests", "Subscription.Service.Tests\Subscription.Service.Tests.csproj", "{5406134C-64E0-4DC1-85CC-39BE08D58E1D}"
EndProject
Global
	GlobalSection(SolutionConfigurationPlatforms) = preSolution
		Debug|Any CPU = Debug|Any CPU
		Release|Any CPU = Release|Any CPU
	EndGlobalSection
	GlobalSection(ProjectConfigurationPlatforms) = postSolution
		{3A5DF1F7-7A0B-40C2-A9E4-00C9A2A04A1D}.Debug|Any CPU.ActiveCfg = Debug|Any CPU
		{3A5DF1F7-7A0B-40C2-A9E4-00C9A2A04A1D}.Debug|Any CPU.Build.0 = Debug|Any CPU
		{3A5DF1F7-7A0B-40C2-A9E4-00C9A2A04A1D}.Release|Any CPU.ActiveCfg = Release|Any CPU
		{3A5DF1F7-7A0B-40C2-A9E4-00C9A2A04A1D}.Release|Any CPU.Build.0 = Release|Any CPU
		{DA0A2ACA-460E-4933-8090-8533DBF864FC}.Debug|Any CPU.ActiveCfg = Debug|Any CPU
		{DA0A2ACA-460E-4933-8090-8533DBF864FC}.Debug|Any CPU.Build.0 = Debug|Any CPU
		{DA0A2ACA-460E-4933-8090-8533DBF864FC}.Release|Any CPU.ActiveCfg = Release|Any CPU
		{DA0A2ACA-460E-4933-8090-8533DBF864FC}.Release|Any CPU.Build.0 = Release|Any CPU
		{6C18C502-3770-4FFC-9E6A-35A21C300852}.Debug|Any CPU.ActiveCfg = Debug|Any CPU
		{6C18C502-3770-4FFC-9E6A-35A21C300852}.Debug|Any CPU.Build.0 = Debug|Any CPU
		{6C18C502-3770-4FFC-9E6A-35A21C300852}.Release|Any CPU.ActiveCfg = Release|Any CPU
		{6C18C502-3770-4FFC-9E6A-35A21C300852}.Release|Any CPU.Build.0 = Release|Any CPU
		{77A3D3C2-1F51-4081-AB1D-06D85BA5D073}.Debug|Any CPU.ActiveCfg = Debug|Any CPU
		{77A3D3C2-1F51-4081-AB1D-06D85BA5D073}.Debug|Any CPU.Build.0 = Debug|Any CPU
		{77A3D3C2-1F51-4081-AB1D-06D85BA5D073}.Release|Any CPU.ActiveCfg = Release|Any CPU
		{77A3D3C2-1F51-4081-AB1D-06D85BA5D073}.Release|Any CPU.Build.0 = Release|Any CPU
		{5406134C-64E0-4DC1-85CC-39BE08D58E1D}.Debug|Any CPU.ActiveCfg = Debug|Any CPU
		{5406134C-64E0-4DC1-85CC-39BE08D58E1D}.Debug|Any CPU.Build.0 = Debug|Any CPU
		{5406134C-64E0-4DC1-85CC-39BE08D58E1D}.Release|Any CPU.ActiveCfg = Release|Any CPU
		{5406134C-64E0-4DC1-85CC-39BE08D58E1D}.Release|Any CPU.Build.0 = Release|Any CPU
	EndGlobalSection
	GlobalSection(SolutionProperties) = preSolution
		HideSolutionNode = FALSE
	EndGlobalSection
	GlobalSection(NestedProjects) = preSolution
		{3A5DF1F7-7A0B-40C2-A9E4-00C9A2A04A1D} = {B4776727-426E-49EB-8126-818B59892EA9}
		{DA0A2ACA-460E-4933-8090-8533DBF864FC} = {B4776727-426E-49EB-8126-818B59892EA9}
		{6C18C502-3770-4FFC-9E6A-35A21C300852} = {B4776727-426E-49EB-8126-818B59892EA9}
		{77A3D3C2-1F51-4081-AB1D-06D85BA5D073} = {B4776727-426E-49EB-8126-818B59892EA9}
		{5406134C-64E0-4DC1-85CC-39BE08D58E1D} = {58AB86F8-D76D-408C-9971-50C730CF0CCE}
	EndGlobalSection
	GlobalSection(ExtensibilityGlobals) = postSolution
		SolutionGuid = {8BC4D04C-6E46-46DB-A09F-E12C7D887FB1}
	EndGlobalSection
EndGlobal
